
Microsoft Visual Studio Solution File, Format Version 12.00
# Visual Studio Version 16
VisualStudioVersion = 16.0.0.0
MinimumVisualStudioVersion = 16.0.0.0
Project("{9A19103F-16F7-4668-BE54-9A1E7A4F7556}") = "ConstraintsDemo.Windows", "ConstraintsDemo.Windows\ConstraintsDemo.Windows.csproj", "{08256C77-21DD-4837-ADDA-8DF5EE605FE0}"
EndProject
Project("{9A19103F-16F7-4668-BE54-9A1E7A4F7556}") = "ConstraintsDemo", "ConstraintsDemo\ConstraintsDemo.csproj", "{A404A5B1-EC84-4350-80C9-37C5827E341F}"
EndProject
Global
	GlobalSection(SolutionConfigurationPlatforms) = preSolution
		Debug|Any CPU = Debug|Any CPU
		Release|Any CPU = Release|Any CPU
	EndGlobalSection
	GlobalSection(ProjectConfigurationPlatforms) = postSolution
		{08256C77-21DD-4837-ADDA-8DF5EE605FE0}.Debug|Any CPU.ActiveCfg = Debug|Any CPU
		{08256C77-21DD-4837-ADDA-8DF5EE605FE0}.Debug|Any CPU.Build.0 = Debug|Any CPU
		{08256C77-21DD-4837-ADDA-8DF5EE605FE0}.Release|Any CPU.ActiveCfg = Release|Any CPU
		{08256C77-21DD-4837-ADDA-8DF5EE605FE0}.Release|Any CPU.Build.0 = Release|Any CPU
		{A404A5B1-EC84-4350-80C9-37C5827E341F}.Debug|Any CPU.ActiveCfg = Debug|Any CPU
		{A404A5B1-EC84-4350-80C9-37C5827E341F}.Debug|Any CPU.Build.0 = Debug|Any CPU
		{A404A5B1-EC84-4350-80C9-37C5827E341F}.Release|Any CPU.ActiveCfg = Release|Any CPU
		{A404A5B1-EC84-4350-80C9-37C5827E341F}.Release|Any CPU.Build.0 = Release|Any CPU
	EndGlobalSection
	GlobalSection(SolutionProperties) = preSolution
		HideSolutionNode = FALSE
	EndGlobalSection
	GlobalSection(ExtensibilityGlobals) = postSolution
		SolutionGuid = {40250268-7CB2-4C3C-9EC7-DA3391EA9636}
	EndGlobalSection
EndGlobal
